
Microsoft Visual Studio Solution File, Format Version 12.00
# Visual Studio Version 17
VisualStudioVersion = 17.11.35303.130
MinimumVisualStudioVersion = 10.0.40219.1
Project("{FAE04EC0-301F-11D3-BF4B-00C04F79EFBC}") = "GIT_taak_1", "GIT_taak_1\GIT_taak_1.csproj", "{B8DE19A4-CD91-4DE6-A58B-6D5F9203A720}"
EndProject
Global
	GlobalSection(SolutionConfigurationPlatforms) = preSolution
		Debug|Any CPU = Debug|Any CPU
		Release|Any CPU = Release|Any CPU
	EndGlobalSection
	GlobalSection(ProjectConfigurationPlatforms) = postSolution
		{B8DE19A4-CD91-4DE6-A58B-6D5F9203A720}.Debug|Any CPU.ActiveCfg = Debug|Any CPU
		{B8DE19A4-CD91-4DE6-A58B-6D5F9203A720}.Debug|Any CPU.Build.0 = Debug|Any CPU
		{B8DE19A4-CD91-4DE6-A58B-6D5F9203A720}.Release|Any CPU.ActiveCfg = Release|Any CPU
		{B8DE19A4-CD91-4DE6-A58B-6D5F9203A720}.Release|Any CPU.Build.0 = Release|Any CPU
	EndGlobalSection
	GlobalSection(SolutionProperties) = preSolution
		HideSolutionNode = FALSE
	EndGlobalSection
	GlobalSection(ExtensibilityGlobals) = postSolution
		SolutionGuid = {0423F2B4-C087-4F0D-80DB-16C8B12213C4}
	EndGlobalSection
EndGlobal
